
Microsoft Visual Studio Solution File, Format Version 12.00
# Visual Studio Version 17
VisualStudioVersion = 17.0.32112.339
MinimumVisualStudioVersion = 10.0.40219.1
Project("{FAE04EC0-301F-11D3-BF4B-00C04F79EFBC}") = "Primeira calculadora CMD", "HelloWorld\Primeira calculadora CMD.csproj", "{3C00452E-504D-4F5A-8F19-DBC91E49B52E}"
EndProject
Global
	GlobalSection(SolutionConfigurationPlatforms) = preSolution
		Debug|Any CPU = Debug|Any CPU
		Release|Any CPU = Release|Any CPU
	EndGlobalSection
	GlobalSection(ProjectConfigurationPlatforms) = postSolution
		{3C00452E-504D-4F5A-8F19-DBC91E49B52E}.Debug|Any CPU.ActiveCfg = Debug|Any CPU
		{3C00452E-504D-4F5A-8F19-DBC91E49B52E}.Debug|Any CPU.Build.0 = Debug|Any CPU
		{3C00452E-504D-4F5A-8F19-DBC91E49B52E}.Release|Any CPU.ActiveCfg = Release|Any CPU
		{3C00452E-504D-4F5A-8F19-DBC91E49B52E}.Release|Any CPU.Build.0 = Release|Any CPU
	EndGlobalSection
	GlobalSection(SolutionProperties) = preSolution
		HideSolutionNode = FALSE
	EndGlobalSection
	GlobalSection(ExtensibilityGlobals) = postSolution
		SolutionGuid = {E59F294A-8166-411F-8544-081B8392CE4A}
	EndGlobalSection
EndGlobal
